{
    "name": "group23-ai-agent-app",
    "version": "1.0.0",
    "lockfileVersion": 3,
    "requires": true,
    "packages": {
        "": {
            "name": "group23-ai-agent-app",
            "version": "1.0.0",
            "dependencies": {
                "deployment-first-attempt": "file:",
                "group23-ai-agent-app": "file:"
            }
        },
        "node_modules/deployment-first-attempt": {
            "resolved": "",
            "link": true
        },
        "node_modules/group23-ai-agent-app": {
            "resolved": "",
            "link": true
        }
    }
}
